
Microsoft Visual Studio Solution File, Format Version 11.00
# Visual Studio 2010
Project("{FAE04EC0-301F-11D3-BF4B-00C04F79EFBC}") = "Paroxe.PDFRenderer", "Paroxe.PDFRenderer.csproj", "{6f6244fc-857e-5b61-c8c7-43ecddcee9dc}"
EndProject
Project("{FAE04EC0-301F-11D3-BF4B-00C04F79EFBC}") = "Microsoft.MixedReality.GraphicsTools.Samples.MaterialGallery", "Microsoft.MixedReality.GraphicsTools.Samples.MaterialGallery.csproj", "{7168100c-e080-2a6e-83ca-b911a19db244}"
EndProject
Project("{FAE04EC0-301F-11D3-BF4B-00C04F79EFBC}") = "Assembly-CSharp", "Assembly-CSharp.csproj", "{12971e2e-23e0-6684-2ba0-ac2f0732d95e}"
EndProject
Project("{FAE04EC0-301F-11D3-BF4B-00C04F79EFBC}") = "Sirenix.OdinInspector.CompatibilityLayer", "Sirenix.OdinInspector.CompatibilityLayer.csproj", "{471217f6-5658-8f91-ea14-a5b897f4307a}"
EndProject
Project("{FAE04EC0-301F-11D3-BF4B-00C04F79EFBC}") = "BOC.BTagged", "BOC.BTagged.csproj", "{10bfeaa0-a979-e94e-c7b6-702e6459f7ea}"
EndProject
Project("{FAE04EC0-301F-11D3-BF4B-00C04F79EFBC}") = "Microsoft.MixedReality.GraphicsTools.Samples.UnityUI", "Microsoft.MixedReality.GraphicsTools.Samples.UnityUI.csproj", "{0934d4ca-3a77-530f-2899-5f8a22b814c9}"
EndProject
Project("{FAE04EC0-301F-11D3-BF4B-00C04F79EFBC}") = "BOC.BTagged.Shared", "BOC.BTagged.Shared.csproj", "{083be3e4-eab6-6ca2-0d5d-ec6d62fd3fe2}"
EndProject
Project("{FAE04EC0-301F-11D3-BF4B-00C04F79EFBC}") = "Sirenix.OdinInspector.CompatibilityLayer.Editor", "Sirenix.OdinInspector.CompatibilityLayer.Editor.csproj", "{0f13ad29-80a5-0516-cd17-f0af09c55a38}"
EndProject
Project("{FAE04EC0-301F-11D3-BF4B-00C04F79EFBC}") = "BOC.BTagged.Editor", "BOC.BTagged.Editor.csproj", "{932e3ef9-0631-36bb-1a4d-8eaafe8e26a0}"
EndProject
Project("{FAE04EC0-301F-11D3-BF4B-00C04F79EFBC}") = "Microsoft.MixedReality.Toolkit.Examples.Build", "Microsoft.MixedReality.Toolkit.Examples.Build.csproj", "{d641dafe-9f39-402f-b5ea-4033ae8c0f02}"
EndProject
Project("{FAE04EC0-301F-11D3-BF4B-00C04F79EFBC}") = "Paroxe.PDFRenderer.Editor", "Paroxe.PDFRenderer.Editor.csproj", "{1d10707b-5e37-d0c7-c6c2-8f894d43a67c}"
EndProject
Global
	GlobalSection(SolutionConfigurationPlatforms) = preSolution
		Debug|Any CPU = Debug|Any CPU
		Release|Any CPU = Release|Any CPU
	EndGlobalSection
	GlobalSection(ProjectConfigurationPlatforms) = postSolution
		{6f6244fc-857e-5b61-c8c7-43ecddcee9dc}.Debug|Any CPU.ActiveCfg = Debug|Any CPU
		{6f6244fc-857e-5b61-c8c7-43ecddcee9dc}.Debug|Any CPU.Build.0 = Debug|Any CPU
		{6f6244fc-857e-5b61-c8c7-43ecddcee9dc}.Release|Any CPU.ActiveCfg = Release|Any CPU
		{6f6244fc-857e-5b61-c8c7-43ecddcee9dc}.Release|Any CPU.Build.0 = Release|Any CPU
		{7168100c-e080-2a6e-83ca-b911a19db244}.Debug|Any CPU.ActiveCfg = Debug|Any CPU
		{7168100c-e080-2a6e-83ca-b911a19db244}.Debug|Any CPU.Build.0 = Debug|Any CPU
		{7168100c-e080-2a6e-83ca-b911a19db244}.Release|Any CPU.ActiveCfg = Release|Any CPU
		{7168100c-e080-2a6e-83ca-b911a19db244}.Release|Any CPU.Build.0 = Release|Any CPU
		{12971e2e-23e0-6684-2ba0-ac2f0732d95e}.Debug|Any CPU.ActiveCfg = Debug|Any CPU
		{12971e2e-23e0-6684-2ba0-ac2f0732d95e}.Debug|Any CPU.Build.0 = Debug|Any CPU
		{12971e2e-23e0-6684-2ba0-ac2f0732d95e}.Release|Any CPU.ActiveCfg = Release|Any CPU
		{12971e2e-23e0-6684-2ba0-ac2f0732d95e}.Release|Any CPU.Build.0 = Release|Any CPU
		{471217f6-5658-8f91-ea14-a5b897f4307a}.Debug|Any CPU.ActiveCfg = Debug|Any CPU
		{471217f6-5658-8f91-ea14-a5b897f4307a}.Debug|Any CPU.Build.0 = Debug|Any CPU
		{471217f6-5658-8f91-ea14-a5b897f4307a}.Release|Any CPU.ActiveCfg = Release|Any CPU
		{471217f6-5658-8f91-ea14-a5b897f4307a}.Release|Any CPU.Build.0 = Release|Any CPU
		{10bfeaa0-a979-e94e-c7b6-702e6459f7ea}.Debug|Any CPU.ActiveCfg = Debug|Any CPU
		{10bfeaa0-a979-e94e-c7b6-702e6459f7ea}.Debug|Any CPU.Build.0 = Debug|Any CPU
		{10bfeaa0-a979-e94e-c7b6-702e6459f7ea}.Release|Any CPU.ActiveCfg = Release|Any CPU
		{10bfeaa0-a979-e94e-c7b6-702e6459f7ea}.Release|Any CPU.Build.0 = Release|Any CPU
		{0934d4ca-3a77-530f-2899-5f8a22b814c9}.Debug|Any CPU.ActiveCfg = Debug|Any CPU
		{0934d4ca-3a77-530f-2899-5f8a22b814c9}.Debug|Any CPU.Build.0 = Debug|Any CPU
		{0934d4ca-3a77-530f-2899-5f8a22b814c9}.Release|Any CPU.ActiveCfg = Release|Any CPU
		{0934d4ca-3a77-530f-2899-5f8a22b814c9}.Release|Any CPU.Build.0 = Release|Any CPU
		{083be3e4-eab6-6ca2-0d5d-ec6d62fd3fe2}.Debug|Any CPU.ActiveCfg = Debug|Any CPU
		{083be3e4-eab6-6ca2-0d5d-ec6d62fd3fe2}.Debug|Any CPU.Build.0 = Debug|Any CPU
		{083be3e4-eab6-6ca2-0d5d-ec6d62fd3fe2}.Release|Any CPU.ActiveCfg = Release|Any CPU
		{083be3e4-eab6-6ca2-0d5d-ec6d62fd3fe2}.Release|Any CPU.Build.0 = Release|Any CPU
		{0f13ad29-80a5-0516-cd17-f0af09c55a38}.Debug|Any CPU.ActiveCfg = Debug|Any CPU
		{0f13ad29-80a5-0516-cd17-f0af09c55a38}.Debug|Any CPU.Build.0 = Debug|Any CPU
		{0f13ad29-80a5-0516-cd17-f0af09c55a38}.Release|Any CPU.ActiveCfg = Release|Any CPU
		{0f13ad29-80a5-0516-cd17-f0af09c55a38}.Release|Any CPU.Build.0 = Release|Any CPU
		{932e3ef9-0631-36bb-1a4d-8eaafe8e26a0}.Debug|Any CPU.ActiveCfg = Debug|Any CPU
		{932e3ef9-0631-36bb-1a4d-8eaafe8e26a0}.Debug|Any CPU.Build.0 = Debug|Any CPU
		{932e3ef9-0631-36bb-1a4d-8eaafe8e26a0}.Release|Any CPU.ActiveCfg = Release|Any CPU
		{932e3ef9-0631-36bb-1a4d-8eaafe8e26a0}.Release|Any CPU.Build.0 = Release|Any CPU
		{d641dafe-9f39-402f-b5ea-4033ae8c0f02}.Debug|Any CPU.ActiveCfg = Debug|Any CPU
		{d641dafe-9f39-402f-b5ea-4033ae8c0f02}.Debug|Any CPU.Build.0 = Debug|Any CPU
		{d641dafe-9f39-402f-b5ea-4033ae8c0f02}.Release|Any CPU.ActiveCfg = Release|Any CPU
		{d641dafe-9f39-402f-b5ea-4033ae8c0f02}.Release|Any CPU.Build.0 = Release|Any CPU
		{1d10707b-5e37-d0c7-c6c2-8f894d43a67c}.Debug|Any CPU.ActiveCfg = Debug|Any CPU
		{1d10707b-5e37-d0c7-c6c2-8f894d43a67c}.Debug|Any CPU.Build.0 = Debug|Any CPU
		{1d10707b-5e37-d0c7-c6c2-8f894d43a67c}.Release|Any CPU.ActiveCfg = Release|Any CPU
		{1d10707b-5e37-d0c7-c6c2-8f894d43a67c}.Release|Any CPU.Build.0 = Release|Any CPU
	EndGlobalSection
	GlobalSection(SolutionProperties) = preSolution
		HideSolutionNode = FALSE
	EndGlobalSection
EndGlobal
